
Microsoft Visual Studio Solution File, Format Version 12.00
# Visual Studio Version 16
VisualStudioVersion = 16.0.31005.135
MinimumVisualStudioVersion = 10.0.40219.1
Project("{FAE04EC0-301F-11D3-BF4B-00C04F79EFBC}") = "FlangeConnection", "FlangeConnection\FlangeConnection.csproj", "{53F17822-F741-4E4A-87D1-03D23D3EBFD7}"
EndProject
Global
	GlobalSection(SolutionConfigurationPlatforms) = preSolution
		Debug|Any CPU = Debug|Any CPU
		Release|Any CPU = Release|Any CPU
	EndGlobalSection
	GlobalSection(ProjectConfigurationPlatforms) = postSolution
		{53F17822-F741-4E4A-87D1-03D23D3EBFD7}.Debug|Any CPU.ActiveCfg = Debug|Any CPU
		{53F17822-F741-4E4A-87D1-03D23D3EBFD7}.Debug|Any CPU.Build.0 = Debug|Any CPU
		{53F17822-F741-4E4A-87D1-03D23D3EBFD7}.Release|Any CPU.ActiveCfg = Release|Any CPU
		{53F17822-F741-4E4A-87D1-03D23D3EBFD7}.Release|Any CPU.Build.0 = Release|Any CPU
	EndGlobalSection
	GlobalSection(SolutionProperties) = preSolution
		HideSolutionNode = FALSE
	EndGlobalSection
	GlobalSection(ExtensibilityGlobals) = postSolution
		SolutionGuid = {9BC7EA24-F011-457B-AE67-ADBB1D136168}
	EndGlobalSection
EndGlobal
